
Microsoft Visual Studio Solution File, Format Version 12.00
# Visual Studio Version 17
VisualStudioVersion = 17.14.36414.22 d17.14
MinimumVisualStudioVersion = 10.0.40219.1
Project("{FAE04EC0-301F-11D3-BF4B-00C04F79EFBC}") = "ParkingSystem.Api", "ParkingSystem.Api\ParkingSystem.Api.csproj", "{B9847A10-48E6-44D8-805D-CC25C59DE461}"
EndProject
Global
	GlobalSection(SolutionConfigurationPlatforms) = preSolution
		Debug|Any CPU = Debug|Any CPU
		Release|Any CPU = Release|Any CPU
	EndGlobalSection
	GlobalSection(ProjectConfigurationPlatforms) = postSolution
		{B9847A10-48E6-44D8-805D-CC25C59DE461}.Debug|Any CPU.ActiveCfg = Debug|Any CPU
		{B9847A10-48E6-44D8-805D-CC25C59DE461}.Debug|Any CPU.Build.0 = Debug|Any CPU
		{B9847A10-48E6-44D8-805D-CC25C59DE461}.Release|Any CPU.ActiveCfg = Release|Any CPU
		{B9847A10-48E6-44D8-805D-CC25C59DE461}.Release|Any CPU.Build.0 = Release|Any CPU
	EndGlobalSection
	GlobalSection(SolutionProperties) = preSolution
		HideSolutionNode = FALSE
	EndGlobalSection
	GlobalSection(ExtensibilityGlobals) = postSolution
		SolutionGuid = {1155087D-1714-4C5E-BE61-CF76FF690F97}
	EndGlobalSection
EndGlobal
